{
  "requires": true,
  "lockfileVersion": 1,
  "dependencies": {
    "redux-promise-middleware": {
      "version": "5.0.0",
      "resolved": "https://registry.npmjs.org/redux-promise-middleware/-/redux-promise-middleware-5.0.0.tgz",
      "integrity": "sha512-+4YBHLHDH1j014iJVfF0qfsdlbKPRUGuV0rdG26gj6WTFk8O5e1sxiQ6o03R63lT9xVBM7koP0mcqvdVNTtH0g=="
    }
  }
}
